
Microsoft Visual Studio Solution File, Format Version 12.00
# Visual Studio Version 16
VisualStudioVersion = 16.0.31424.327
MinimumVisualStudioVersion = 10.0.40219.1
Project("{9A19103F-16F7-4668-BE54-9A1E7A4F7556}") = "ProjetoDIOMVC", "ProjetoDIOMVC\ProjetoDIOMVC.csproj", "{75B23FB6-F38E-4524-A597-00ED35CD6E55}"
EndProject
Project("{FAE04EC0-301F-11D3-BF4B-00C04F79EFBC}") = "APICourse", "APICourse\APICourse.csproj", "{BF492669-2738-448B-926C-815A7E474BAF}"
EndProject
Global
	GlobalSection(SolutionConfigurationPlatforms) = preSolution
		Debug|Any CPU = Debug|Any CPU
		Release|Any CPU = Release|Any CPU
	EndGlobalSection
	GlobalSection(ProjectConfigurationPlatforms) = postSolution
		{75B23FB6-F38E-4524-A597-00ED35CD6E55}.Debug|Any CPU.ActiveCfg = Debug|Any CPU
		{75B23FB6-F38E-4524-A597-00ED35CD6E55}.Debug|Any CPU.Build.0 = Debug|Any CPU
		{75B23FB6-F38E-4524-A597-00ED35CD6E55}.Release|Any CPU.ActiveCfg = Release|Any CPU
		{75B23FB6-F38E-4524-A597-00ED35CD6E55}.Release|Any CPU.Build.0 = Release|Any CPU
		{BF492669-2738-448B-926C-815A7E474BAF}.Debug|Any CPU.ActiveCfg = Debug|Any CPU
		{BF492669-2738-448B-926C-815A7E474BAF}.Debug|Any CPU.Build.0 = Debug|Any CPU
		{BF492669-2738-448B-926C-815A7E474BAF}.Release|Any CPU.ActiveCfg = Release|Any CPU
		{BF492669-2738-448B-926C-815A7E474BAF}.Release|Any CPU.Build.0 = Release|Any CPU
	EndGlobalSection
	GlobalSection(SolutionProperties) = preSolution
		HideSolutionNode = FALSE
	EndGlobalSection
	GlobalSection(ExtensibilityGlobals) = postSolution
		SolutionGuid = {C231C9A7-142E-4FB9-87B3-C2D55ABA29B2}
	EndGlobalSection
EndGlobal
